
Microsoft Visual Studio Solution File, Format Version 12.00
# Visual Studio Version 17
VisualStudioVersion = 17.10.34607.79
MinimumVisualStudioVersion = 10.0.40219.1
Project("{FAE04EC0-301F-11D3-BF4B-00C04F79EFBC}") = "CSharpTest", "CSharpTest.Server\CSharpTest.csproj", "{6472FD14-5485-4D0C-A3A1-2DAF625BFF6A}"
EndProject
Project("{FAE04EC0-301F-11D3-BF4B-00C04F79EFBC}") = "CSharpTest.Tests", "CSharpTest.Tests\CSharpTest.Tests.csproj", "{2C0E5E0C-F805-4C24-97B8-DA03986ACF5A}"
EndProject
Global
	GlobalSection(SolutionConfigurationPlatforms) = preSolution
		Debug|Any CPU = Debug|Any CPU
		Release|Any CPU = Release|Any CPU
	EndGlobalSection
	GlobalSection(ProjectConfigurationPlatforms) = postSolution
		{6472FD14-5485-4D0C-A3A1-2DAF625BFF6A}.Debug|Any CPU.ActiveCfg = Debug|Any CPU
		{6472FD14-5485-4D0C-A3A1-2DAF625BFF6A}.Debug|Any CPU.Build.0 = Debug|Any CPU
		{6472FD14-5485-4D0C-A3A1-2DAF625BFF6A}.Release|Any CPU.ActiveCfg = Release|Any CPU
		{6472FD14-5485-4D0C-A3A1-2DAF625BFF6A}.Release|Any CPU.Build.0 = Release|Any CPU
		{2C0E5E0C-F805-4C24-97B8-DA03986ACF5A}.Debug|Any CPU.ActiveCfg = Debug|Any CPU
		{2C0E5E0C-F805-4C24-97B8-DA03986ACF5A}.Debug|Any CPU.Build.0 = Debug|Any CPU
		{2C0E5E0C-F805-4C24-97B8-DA03986ACF5A}.Release|Any CPU.ActiveCfg = Release|Any CPU
		{2C0E5E0C-F805-4C24-97B8-DA03986ACF5A}.Release|Any CPU.Build.0 = Release|Any CPU
	EndGlobalSection
	GlobalSection(SolutionProperties) = preSolution
		HideSolutionNode = FALSE
	EndGlobalSection
	GlobalSection(ExtensibilityGlobals) = postSolution
		SolutionGuid = {01ADB02D-E724-4D7A-8693-34F294492863}
	EndGlobalSection
EndGlobal
